
Microsoft Visual Studio Solution File, Format Version 12.00
# Visual Studio Version 17
VisualStudioVersion = 17.14.37301.10 d17.14
MinimumVisualStudioVersion = 10.0.40219.1
Project("{FAE04EC0-301F-11D3-BF4B-00C04F79EFBC}") = "Expense Manager", "Expense Manager\Expense Manager.csproj", "{9394F1BB-DDF7-44EC-8126-84520AA8EBB3}"
EndProject
Global
	GlobalSection(SolutionConfigurationPlatforms) = preSolution
		Debug|Any CPU = Debug|Any CPU
		Release|Any CPU = Release|Any CPU
	EndGlobalSection
	GlobalSection(ProjectConfigurationPlatforms) = postSolution
		{9394F1BB-DDF7-44EC-8126-84520AA8EBB3}.Debug|Any CPU.ActiveCfg = Debug|Any CPU
		{9394F1BB-DDF7-44EC-8126-84520AA8EBB3}.Debug|Any CPU.Build.0 = Debug|Any CPU
		{9394F1BB-DDF7-44EC-8126-84520AA8EBB3}.Release|Any CPU.ActiveCfg = Release|Any CPU
		{9394F1BB-DDF7-44EC-8126-84520AA8EBB3}.Release|Any CPU.Build.0 = Release|Any CPU
	EndGlobalSection
	GlobalSection(SolutionProperties) = preSolution
		HideSolutionNode = FALSE
	EndGlobalSection
	GlobalSection(ExtensibilityGlobals) = postSolution
		SolutionGuid = {E980E988-69DA-4FE4-9681-054C34B65B90}
	EndGlobalSection
EndGlobal
